
Microsoft Visual Studio Solution File, Format Version 12.00
# Visual Studio Version 17
VisualStudioVersion = 17.0.31912.275
MinimumVisualStudioVersion = 10.0.40219.1
Project("{FAE04EC0-301F-11D3-BF4B-00C04F79EFBC}") = "LPS_CRUD", "LPS_CRUD\LPS_CRUD.csproj", "{18C28CB7-E649-41ED-B9BE-3D8EEE36EFC2}"
EndProject
Global
	GlobalSection(SolutionConfigurationPlatforms) = preSolution
		Debug|Any CPU = Debug|Any CPU
		Release|Any CPU = Release|Any CPU
	EndGlobalSection
	GlobalSection(ProjectConfigurationPlatforms) = postSolution
		{18C28CB7-E649-41ED-B9BE-3D8EEE36EFC2}.Debug|Any CPU.ActiveCfg = Debug|Any CPU
		{18C28CB7-E649-41ED-B9BE-3D8EEE36EFC2}.Debug|Any CPU.Build.0 = Debug|Any CPU
		{18C28CB7-E649-41ED-B9BE-3D8EEE36EFC2}.Release|Any CPU.ActiveCfg = Release|Any CPU
		{18C28CB7-E649-41ED-B9BE-3D8EEE36EFC2}.Release|Any CPU.Build.0 = Release|Any CPU
	EndGlobalSection
	GlobalSection(SolutionProperties) = preSolution
		HideSolutionNode = FALSE
	EndGlobalSection
	GlobalSection(ExtensibilityGlobals) = postSolution
		SolutionGuid = {279C25D5-7943-490C-BDC1-07949A45CDBF}
	EndGlobalSection
EndGlobal
